
Microsoft Visual Studio Solution File, Format Version 12.00
# Visual Studio Version 16
VisualStudioVersion = 16.0.31005.135
MinimumVisualStudioVersion = 10.0.40219.1
Project("{9A19103F-16F7-4668-BE54-9A1E7A4F7556}") = "Albergue", "Albergue.csproj", "{70F83235-1917-4ABD-BD86-74D5B8048254}"
EndProject
Global
	GlobalSection(SolutionConfigurationPlatforms) = preSolution
		Debug|Any CPU = Debug|Any CPU
		Release|Any CPU = Release|Any CPU
	EndGlobalSection
	GlobalSection(ProjectConfigurationPlatforms) = postSolution
		{70F83235-1917-4ABD-BD86-74D5B8048254}.Debug|Any CPU.ActiveCfg = Debug|Any CPU
		{70F83235-1917-4ABD-BD86-74D5B8048254}.Debug|Any CPU.Build.0 = Debug|Any CPU
		{70F83235-1917-4ABD-BD86-74D5B8048254}.Release|Any CPU.ActiveCfg = Release|Any CPU
		{70F83235-1917-4ABD-BD86-74D5B8048254}.Release|Any CPU.Build.0 = Release|Any CPU
	EndGlobalSection
	GlobalSection(SolutionProperties) = preSolution
		HideSolutionNode = FALSE
	EndGlobalSection
	GlobalSection(ExtensibilityGlobals) = postSolution
		SolutionGuid = {A3CC02AB-9ADA-4305-9819-C9B8B7BFFD15}
	EndGlobalSection
EndGlobal
